<?xml version="1.0" encoding="utf-8"?>
<Project ToolsVersion="16.0" xmlns="http://schemas.microsoft.com/developer/msbuild/2003">
  <ItemGroup>
    <ClCompile Include="D:\zhr_files\Multitarget-tracker-master\src\Detector\darknet\src\activation_layer.c">
      <Filter>Source Files</Filter>
    </ClCompile>
    <ClCompile Include="D:\zhr_files\Multitarget-tracker-master\src\Detector\darknet\src\activations.c">
      <Filter>Source Files</Filter>
    </ClCompile>
    <ClCompile Include="D:\zhr_files\Multitarget-tracker-master\src\Detector\darknet\src\art.c">
      <Filter>Source Files</Filter>
    </ClCompile>
    <ClCompile Include="D:\zhr_files\Multitarget-tracker-master\src\Detector\darknet\src\avgpool_layer.c">
      <Filter>Source Files</Filter>
    </ClCompile>
    <ClCompile Include="D:\zhr_files\Multitarget-tracker-master\src\Detector\darknet\src\batchnorm_layer.c">
      <Filter>Source Files</Filter>
    </ClCompile>
    <ClCompile Include="D:\zhr_files\Multitarget-tracker-master\src\Detector\darknet\src\blas.c">
      <Filter>Source Files</Filter>
    </ClCompile>
    <ClCompile Include="D:\zhr_files\Multitarget-tracker-master\src\Detector\darknet\src\box.c">
      <Filter>Source Files</Filter>
    </ClCompile>
    <ClCompile Include="D:\zhr_files\Multitarget-tracker-master\src\Detector\darknet\src\captcha.c">
      <Filter>Source Files</Filter>
    </ClCompile>
    <ClCompile Include="D:\zhr_files\Multitarget-tracker-master\src\Detector\darknet\src\cifar.c">
      <Filter>Source Files</Filter>
    </ClCompile>
    <ClCompile Include="D:\zhr_files\Multitarget-tracker-master\src\Detector\darknet\src\classifier.c">
      <Filter>Source Files</Filter>
    </ClCompile>
    <ClCompile Include="D:\zhr_files\Multitarget-tracker-master\src\Detector\darknet\src\coco.c">
      <Filter>Source Files</Filter>
    </ClCompile>
    <ClCompile Include="D:\zhr_files\Multitarget-tracker-master\src\Detector\darknet\src\col2im.c">
      <Filter>Source Files</Filter>
    </ClCompile>
    <ClCompile Include="D:\zhr_files\Multitarget-tracker-master\src\Detector\darknet\src\compare.c">
      <Filter>Source Files</Filter>
    </ClCompile>
    <ClCompile Include="D:\zhr_files\Multitarget-tracker-master\src\Detector\darknet\src\connected_layer.c">
      <Filter>Source Files</Filter>
    </ClCompile>
    <ClCompile Include="D:\zhr_files\Multitarget-tracker-master\src\Detector\darknet\src\conv_lstm_layer.c">
      <Filter>Source Files</Filter>
    </ClCompile>
    <ClCompile Include="D:\zhr_files\Multitarget-tracker-master\src\Detector\darknet\src\convolutional_layer.c">
      <Filter>Source Files</Filter>
    </ClCompile>
    <ClCompile Include="D:\zhr_files\Multitarget-tracker-master\src\Detector\darknet\src\cost_layer.c">
      <Filter>Source Files</Filter>
    </ClCompile>
    <ClCompile Include="D:\zhr_files\Multitarget-tracker-master\src\Detector\darknet\src\cpu_gemm.c">
      <Filter>Source Files</Filter>
    </ClCompile>
    <ClCompile Include="D:\zhr_files\Multitarget-tracker-master\src\Detector\darknet\src\crnn_layer.c">
      <Filter>Source Files</Filter>
    </ClCompile>
    <ClCompile Include="D:\zhr_files\Multitarget-tracker-master\src\Detector\darknet\src\crop_layer.c">
      <Filter>Source Files</Filter>
    </ClCompile>
    <ClCompile Include="D:\zhr_files\Multitarget-tracker-master\src\Detector\darknet\src\dark_cuda.c">
      <Filter>Source Files</Filter>
    </ClCompile>
    <ClCompile Include="D:\zhr_files\Multitarget-tracker-master\src\Detector\darknet\src\darknet.c">
      <Filter>Source Files</Filter>
    </ClCompile>
    <ClCompile Include="D:\zhr_files\Multitarget-tracker-master\src\Detector\darknet\src\data.c">
      <Filter>Source Files</Filter>
    </ClCompile>
    <ClCompile Include="D:\zhr_files\Multitarget-tracker-master\src\Detector\darknet\src\deconvolutional_layer.c">
      <Filter>Source Files</Filter>
    </ClCompile>
    <ClCompile Include="D:\zhr_files\Multitarget-tracker-master\src\Detector\darknet\src\demo.c">
      <Filter>Source Files</Filter>
    </ClCompile>
    <ClCompile Include="D:\zhr_files\Multitarget-tracker-master\src\Detector\darknet\src\detection_layer.c">
      <Filter>Source Files</Filter>
    </ClCompile>
    <ClCompile Include="D:\zhr_files\Multitarget-tracker-master\src\Detector\darknet\src\detector.c">
      <Filter>Source Files</Filter>
    </ClCompile>
    <ClCompile Include="D:\zhr_files\Multitarget-tracker-master\src\Detector\darknet\src\dice.c">
      <Filter>Source Files</Filter>
    </ClCompile>
    <ClCompile Include="D:\zhr_files\Multitarget-tracker-master\src\Detector\darknet\src\dropout_layer.c">
      <Filter>Source Files</Filter>
    </ClCompile>
    <ClCompile Include="D:\zhr_files\Multitarget-tracker-master\src\Detector\darknet\src\gaussian_yolo_layer.c">
      <Filter>Source Files</Filter>
    </ClCompile>
    <ClCompile Include="D:\zhr_files\Multitarget-tracker-master\src\Detector\darknet\src\gemm.c">
      <Filter>Source Files</Filter>
    </ClCompile>
    <ClCompile Include="D:\zhr_files\Multitarget-tracker-master\src\Detector\darknet\src\getopt.c">
      <Filter>Source Files</Filter>
    </ClCompile>
    <ClCompile Include="D:\zhr_files\Multitarget-tracker-master\src\Detector\darknet\src\gettimeofday.c">
      <Filter>Source Files</Filter>
    </ClCompile>
    <ClCompile Include="D:\zhr_files\Multitarget-tracker-master\src\Detector\darknet\src\go.c">
      <Filter>Source Files</Filter>
    </ClCompile>
    <ClCompile Include="D:\zhr_files\Multitarget-tracker-master\src\Detector\darknet\src\gru_layer.c">
      <Filter>Source Files</Filter>
    </ClCompile>
    <ClCompile Include="D:\zhr_files\Multitarget-tracker-master\src\Detector\darknet\src\im2col.c">
      <Filter>Source Files</Filter>
    </ClCompile>
    <ClCompile Include="D:\zhr_files\Multitarget-tracker-master\src\Detector\darknet\src\image.c">
      <Filter>Source Files</Filter>
    </ClCompile>
    <ClCompile Include="D:\zhr_files\Multitarget-tracker-master\src\Detector\darknet\src\layer.c">
      <Filter>Source Files</Filter>
    </ClCompile>
    <ClCompile Include="D:\zhr_files\Multitarget-tracker-master\src\Detector\darknet\src\list.c">
      <Filter>Source Files</Filter>
    </ClCompile>
    <ClCompile Include="D:\zhr_files\Multitarget-tracker-master\src\Detector\darknet\src\local_layer.c">
      <Filter>Source Files</Filter>
    </ClCompile>
    <ClCompile Include="D:\zhr_files\Multitarget-tracker-master\src\Detector\darknet\src\lstm_layer.c">
      <Filter>Source Files</Filter>
    </ClCompile>
    <ClCompile Include="D:\zhr_files\Multitarget-tracker-master\src\Detector\darknet\src\matrix.c">
      <Filter>Source Files</Filter>
    </ClCompile>
    <ClCompile Include="D:\zhr_files\Multitarget-tracker-master\src\Detector\darknet\src\maxpool_layer.c">
      <Filter>Source Files</Filter>
    </ClCompile>
    <ClCompile Include="D:\zhr_files\Multitarget-tracker-master\src\Detector\darknet\src\network.c">
      <Filter>Source Files</Filter>
    </ClCompile>
    <ClCompile Include="D:\zhr_files\Multitarget-tracker-master\src\Detector\darknet\src\nightmare.c">
      <Filter>Source Files</Filter>
    </ClCompile>
    <ClCompile Include="D:\zhr_files\Multitarget-tracker-master\src\Detector\darknet\src\normalization_layer.c">
      <Filter>Source Files</Filter>
    </ClCompile>
    <ClCompile Include="D:\zhr_files\Multitarget-tracker-master\src\Detector\darknet\src\option_list.c">
      <Filter>Source Files</Filter>
    </ClCompile>
    <ClCompile Include="D:\zhr_files\Multitarget-tracker-master\src\Detector\darknet\src\parser.c">
      <Filter>Source Files</Filter>
    </ClCompile>
    <ClCompile Include="D:\zhr_files\Multitarget-tracker-master\src\Detector\darknet\src\region_layer.c">
      <Filter>Source Files</Filter>
    </ClCompile>
    <ClCompile Include="D:\zhr_files\Multitarget-tracker-master\src\Detector\darknet\src\reorg_layer.c">
      <Filter>Source Files</Filter>
    </ClCompile>
    <ClCompile Include="D:\zhr_files\Multitarget-tracker-master\src\Detector\darknet\src\reorg_old_layer.c">
      <Filter>Source Files</Filter>
    </ClCompile>
    <ClCompile Include="D:\zhr_files\Multitarget-tracker-master\src\Detector\darknet\src\representation_layer.c">
      <Filter>Source Files</Filter>
    </ClCompile>
    <ClCompile Include="D:\zhr_files\Multitarget-tracker-master\src\Detector\darknet\src\rnn.c">
      <Filter>Source Files</Filter>
    </ClCompile>
    <ClCompile Include="D:\zhr_files\Multitarget-tracker-master\src\Detector\darknet\src\rnn_layer.c">
      <Filter>Source Files</Filter>
    </ClCompile>
    <ClCompile Include="D:\zhr_files\Multitarget-tracker-master\src\Detector\darknet\src\rnn_vid.c">
      <Filter>Source Files</Filter>
    </ClCompile>
    <ClCompile Include="D:\zhr_files\Multitarget-tracker-master\src\Detector\darknet\src\route_layer.c">
      <Filter>Source Files</Filter>
    </ClCompile>
    <ClCompile Include="D:\zhr_files\Multitarget-tracker-master\src\Detector\darknet\src\sam_layer.c">
      <Filter>Source Files</Filter>
    </ClCompile>
    <ClCompile Include="D:\zhr_files\Multitarget-tracker-master\src\Detector\darknet\src\scale_channels_layer.c">
      <Filter>Source Files</Filter>
    </ClCompile>
    <ClCompile Include="D:\zhr_files\Multitarget-tracker-master\src\Detector\darknet\src\shortcut_layer.c">
      <Filter>Source Files</Filter>
    </ClCompile>
    <ClCompile Include="D:\zhr_files\Multitarget-tracker-master\src\Detector\darknet\src\softmax_layer.c">
      <Filter>Source Files</Filter>
    </ClCompile>
    <ClCompile Include="D:\zhr_files\Multitarget-tracker-master\src\Detector\darknet\src\super.c">
      <Filter>Source Files</Filter>
    </ClCompile>
    <ClCompile Include="D:\zhr_files\Multitarget-tracker-master\src\Detector\darknet\src\swag.c">
      <Filter>Source Files</Filter>
    </ClCompile>
    <ClCompile Include="D:\zhr_files\Multitarget-tracker-master\src\Detector\darknet\src\tag.c">
      <Filter>Source Files</Filter>
    </ClCompile>
    <ClCompile Include="D:\zhr_files\Multitarget-tracker-master\src\Detector\darknet\src\tree.c">
      <Filter>Source Files</Filter>
    </ClCompile>
    <ClCompile Include="D:\zhr_files\Multitarget-tracker-master\src\Detector\darknet\src\upsample_layer.c">
      <Filter>Source Files</Filter>
    </ClCompile>
    <ClCompile Include="D:\zhr_files\Multitarget-tracker-master\src\Detector\darknet\src\utils.c">
      <Filter>Source Files</Filter>
    </ClCompile>
    <ClCompile Include="D:\zhr_files\Multitarget-tracker-master\src\Detector\darknet\src\voxel.c">
      <Filter>Source Files</Filter>
    </ClCompile>
    <ClCompile Include="D:\zhr_files\Multitarget-tracker-master\src\Detector\darknet\src\writing.c">
      <Filter>Source Files</Filter>
    </ClCompile>
    <ClCompile Include="D:\zhr_files\Multitarget-tracker-master\src\Detector\darknet\src\yolo.c">
      <Filter>Source Files</Filter>
    </ClCompile>
    <ClCompile Include="D:\zhr_files\Multitarget-tracker-master\src\Detector\darknet\src\yolo_layer.c">
      <Filter>Source Files</Filter>
    </ClCompile>
    <ClCompile Include="D:\zhr_files\Multitarget-tracker-master\src\Detector\darknet\src\yolo_v2_class.cpp">
      <Filter>Source Files</Filter>
    </ClCompile>
    <ClCompile Include="D:\zhr_files\Multitarget-tracker-master\src\Detector\darknet\src\http_stream.cpp">
      <Filter>Source Files</Filter>
    </ClCompile>
    <ClCompile Include="D:\zhr_files\Multitarget-tracker-master\src\Detector\darknet\src\image_opencv.cpp">
      <Filter>Source Files</Filter>
    </ClCompile>
  </ItemGroup>
  <ItemGroup>
    <ClInclude Include="D:\zhr_files\Multitarget-tracker-master\src\Detector\darknet\src\activation_layer.h">
      <Filter>Header Files</Filter>
    </ClInclude>
    <ClInclude Include="D:\zhr_files\Multitarget-tracker-master\src\Detector\darknet\src\activations.h">
      <Filter>Header Files</Filter>
    </ClInclude>
    <ClInclude Include="D:\zhr_files\Multitarget-tracker-master\src\Detector\darknet\src\avgpool_layer.h">
      <Filter>Header Files</Filter>
    </ClInclude>
    <ClInclude Include="D:\zhr_files\Multitarget-tracker-master\src\Detector\darknet\src\batchnorm_layer.h">
      <Filter>Header Files</Filter>
    </ClInclude>
    <ClInclude Include="D:\zhr_files\Multitarget-tracker-master\src\Detector\darknet\src\blas.h">
      <Filter>Header Files</Filter>
    </ClInclude>
    <ClInclude Include="D:\zhr_files\Multitarget-tracker-master\src\Detector\darknet\src\box.h">
      <Filter>Header Files</Filter>
    </ClInclude>
    <ClInclude Include="D:\zhr_files\Multitarget-tracker-master\src\Detector\darknet\src\classifier.h">
      <Filter>Header Files</Filter>
    </ClInclude>
    <ClInclude Include="D:\zhr_files\Multitarget-tracker-master\src\Detector\darknet\src\col2im.h">
      <Filter>Header Files</Filter>
    </ClInclude>
    <ClInclude Include="D:\zhr_files\Multitarget-tracker-master\src\Detector\darknet\src\connected_layer.h">
      <Filter>Header Files</Filter>
    </ClInclude>
    <ClInclude Include="D:\zhr_files\Multitarget-tracker-master\src\Detector\darknet\src\conv_lstm_layer.h">
      <Filter>Header Files</Filter>
    </ClInclude>
    <ClInclude Include="D:\zhr_files\Multitarget-tracker-master\src\Detector\darknet\src\convolutional_layer.h">
      <Filter>Header Files</Filter>
    </ClInclude>
    <ClInclude Include="D:\zhr_files\Multitarget-tracker-master\src\Detector\darknet\src\cost_layer.h">
      <Filter>Header Files</Filter>
    </ClInclude>
    <ClInclude Include="D:\zhr_files\Multitarget-tracker-master\src\Detector\darknet\src\crnn_layer.h">
      <Filter>Header Files</Filter>
    </ClInclude>
    <ClInclude Include="D:\zhr_files\Multitarget-tracker-master\src\Detector\darknet\src\crop_layer.h">
      <Filter>Header Files</Filter>
    </ClInclude>
    <ClInclude Include="D:\zhr_files\Multitarget-tracker-master\src\Detector\darknet\src\dark_cuda.h">
      <Filter>Header Files</Filter>
    </ClInclude>
    <ClInclude Include="D:\zhr_files\Multitarget-tracker-master\src\Detector\darknet\src\darkunistd.h">
      <Filter>Header Files</Filter>
    </ClInclude>
    <ClInclude Include="D:\zhr_files\Multitarget-tracker-master\src\Detector\darknet\src\data.h">
      <Filter>Header Files</Filter>
    </ClInclude>
    <ClInclude Include="D:\zhr_files\Multitarget-tracker-master\src\Detector\darknet\src\deconvolutional_layer.h">
      <Filter>Header Files</Filter>
    </ClInclude>
    <ClInclude Include="D:\zhr_files\Multitarget-tracker-master\src\Detector\darknet\src\demo.h">
      <Filter>Header Files</Filter>
    </ClInclude>
    <ClInclude Include="D:\zhr_files\Multitarget-tracker-master\src\Detector\darknet\src\detection_layer.h">
      <Filter>Header Files</Filter>
    </ClInclude>
    <ClInclude Include="D:\zhr_files\Multitarget-tracker-master\src\Detector\darknet\src\dropout_layer.h">
      <Filter>Header Files</Filter>
    </ClInclude>
    <ClInclude Include="D:\zhr_files\Multitarget-tracker-master\src\Detector\darknet\src\gaussian_yolo_layer.h">
      <Filter>Header Files</Filter>
    </ClInclude>
    <ClInclude Include="D:\zhr_files\Multitarget-tracker-master\src\Detector\darknet\src\gemm.h">
      <Filter>Header Files</Filter>
    </ClInclude>
    <ClInclude Include="D:\zhr_files\Multitarget-tracker-master\src\Detector\darknet\src\getopt.h">
      <Filter>Header Files</Filter>
    </ClInclude>
    <ClInclude Include="D:\zhr_files\Multitarget-tracker-master\src\Detector\darknet\src\gettimeofday.h">
      <Filter>Header Files</Filter>
    </ClInclude>
    <ClInclude Include="D:\zhr_files\Multitarget-tracker-master\src\Detector\darknet\src\gru_layer.h">
      <Filter>Header Files</Filter>
    </ClInclude>
    <ClInclude Include="D:\zhr_files\Multitarget-tracker-master\src\Detector\darknet\src\http_stream.h">
      <Filter>Header Files</Filter>
    </ClInclude>
    <ClInclude Include="D:\zhr_files\Multitarget-tracker-master\src\Detector\darknet\src\httplib.h">
      <Filter>Header Files</Filter>
    </ClInclude>
    <ClInclude Include="D:\zhr_files\Multitarget-tracker-master\src\Detector\darknet\src\im2col.h">
      <Filter>Header Files</Filter>
    </ClInclude>
    <ClInclude Include="D:\zhr_files\Multitarget-tracker-master\src\Detector\darknet\src\image.h">
      <Filter>Header Files</Filter>
    </ClInclude>
    <ClInclude Include="D:\zhr_files\Multitarget-tracker-master\src\Detector\darknet\src\image_opencv.h">
      <Filter>Header Files</Filter>
    </ClInclude>
    <ClInclude Include="D:\zhr_files\Multitarget-tracker-master\src\Detector\darknet\src\layer.h">
      <Filter>Header Files</Filter>
    </ClInclude>
    <ClInclude Include="D:\zhr_files\Multitarget-tracker-master\src\Detector\darknet\src\list.h">
      <Filter>Header Files</Filter>
    </ClInclude>
    <ClInclude Include="D:\zhr_files\Multitarget-tracker-master\src\Detector\darknet\src\local_layer.h">
      <Filter>Header Files</Filter>
    </ClInclude>
    <ClInclude Include="D:\zhr_files\Multitarget-tracker-master\src\Detector\darknet\src\lstm_layer.h">
      <Filter>Header Files</Filter>
    </ClInclude>
    <ClInclude Include="D:\zhr_files\Multitarget-tracker-master\src\Detector\darknet\src\matrix.h">
      <Filter>Header Files</Filter>
    </ClInclude>
    <ClInclude Include="D:\zhr_files\Multitarget-tracker-master\src\Detector\darknet\src\maxpool_layer.h">
      <Filter>Header Files</Filter>
    </ClInclude>
    <ClInclude Include="D:\zhr_files\Multitarget-tracker-master\src\Detector\darknet\src\network.h">
      <Filter>Header Files</Filter>
    </ClInclude>
    <ClInclude Include="D:\zhr_files\Multitarget-tracker-master\src\Detector\darknet\src\normalization_layer.h">
      <Filter>Header Files</Filter>
    </ClInclude>
    <ClInclude Include="D:\zhr_files\Multitarget-tracker-master\src\Detector\darknet\src\option_list.h">
      <Filter>Header Files</Filter>
    </ClInclude>
    <ClInclude Include="D:\zhr_files\Multitarget-tracker-master\src\Detector\darknet\src\parser.h">
      <Filter>Header Files</Filter>
    </ClInclude>
    <ClInclude Include="D:\zhr_files\Multitarget-tracker-master\src\Detector\darknet\src\region_layer.h">
      <Filter>Header Files</Filter>
    </ClInclude>
    <ClInclude Include="D:\zhr_files\Multitarget-tracker-master\src\Detector\darknet\src\reorg_layer.h">
      <Filter>Header Files</Filter>
    </ClInclude>
    <ClInclude Include="D:\zhr_files\Multitarget-tracker-master\src\Detector\darknet\src\reorg_old_layer.h">
      <Filter>Header Files</Filter>
    </ClInclude>
    <ClInclude Include="D:\zhr_files\Multitarget-tracker-master\src\Detector\darknet\src\representation_layer.h">
      <Filter>Header Files</Filter>
    </ClInclude>
    <ClInclude Include="D:\zhr_files\Multitarget-tracker-master\src\Detector\darknet\src\rnn_layer.h">
      <Filter>Header Files</Filter>
    </ClInclude>
    <ClInclude Include="D:\zhr_files\Multitarget-tracker-master\src\Detector\darknet\src\route_layer.h">
      <Filter>Header Files</Filter>
    </ClInclude>
    <ClInclude Include="D:\zhr_files\Multitarget-tracker-master\src\Detector\darknet\src\sam_layer.h">
      <Filter>Header Files</Filter>
    </ClInclude>
    <ClInclude Include="D:\zhr_files\Multitarget-tracker-master\src\Detector\darknet\src\scale_channels_layer.h">
      <Filter>Header Files</Filter>
    </ClInclude>
    <ClInclude Include="D:\zhr_files\Multitarget-tracker-master\src\Detector\darknet\src\shortcut_layer.h">
      <Filter>Header Files</Filter>
    </ClInclude>
    <ClInclude Include="D:\zhr_files\Multitarget-tracker-master\src\Detector\darknet\src\softmax_layer.h">
      <Filter>Header Files</Filter>
    </ClInclude>
    <ClInclude Include="D:\zhr_files\Multitarget-tracker-master\src\Detector\darknet\src\tree.h">
      <Filter>Header Files</Filter>
    </ClInclude>
    <ClInclude Include="D:\zhr_files\Multitarget-tracker-master\src\Detector\darknet\src\upsample_layer.h">
      <Filter>Header Files</Filter>
    </ClInclude>
    <ClInclude Include="D:\zhr_files\Multitarget-tracker-master\src\Detector\darknet\src\utils.h">
      <Filter>Header Files</Filter>
    </ClInclude>
    <ClInclude Include="D:\zhr_files\Multitarget-tracker-master\src\Detector\darknet\src\version.h">
      <Filter>Header Files</Filter>
    </ClInclude>
    <ClInclude Include="D:\zhr_files\Multitarget-tracker-master\src\Detector\darknet\src\yolo_layer.h">
      <Filter>Header Files</Filter>
    </ClInclude>
    <ClInclude Include="D:\zhr_files\Multitarget-tracker-master\src\Detector\darknet\include\darknet.h">
      <Filter>Header Files</Filter>
    </ClInclude>
    <ClInclude Include="D:\zhr_files\Multitarget-tracker-master\src\Detector\darknet\include\yolo_v2_class.hpp">
      <Filter>Header Files</Filter>
    </ClInclude>
  </ItemGroup>
  <ItemGroup>
    <CustomBuild Include="D:\zhr_files\Multitarget-tracker-master\src\Detector\darknet\src\activation_kernels.cu">
      <Filter>Source Files</Filter>
    </CustomBuild>
    <CustomBuild Include="D:\zhr_files\Multitarget-tracker-master\src\Detector\darknet\src\avgpool_layer_kernels.cu">
      <Filter>Source Files</Filter>
    </CustomBuild>
    <CustomBuild Include="D:\zhr_files\Multitarget-tracker-master\src\Detector\darknet\src\blas_kernels.cu">
      <Filter>Source Files</Filter>
    </CustomBuild>
    <CustomBuild Include="D:\zhr_files\Multitarget-tracker-master\src\Detector\darknet\src\col2im_kernels.cu">
      <Filter>Source Files</Filter>
    </CustomBuild>
    <CustomBuild Include="D:\zhr_files\Multitarget-tracker-master\src\Detector\darknet\src\convolutional_kernels.cu">
      <Filter>Source Files</Filter>
    </CustomBuild>
    <CustomBuild Include="D:\zhr_files\Multitarget-tracker-master\src\Detector\darknet\src\crop_layer_kernels.cu">
      <Filter>Source Files</Filter>
    </CustomBuild>
    <CustomBuild Include="D:\zhr_files\Multitarget-tracker-master\src\Detector\darknet\src\deconvolutional_kernels.cu">
      <Filter>Source Files</Filter>
    </CustomBuild>
    <CustomBuild Include="D:\zhr_files\Multitarget-tracker-master\src\Detector\darknet\src\dropout_layer_kernels.cu">
      <Filter>Source Files</Filter>
    </CustomBuild>
    <CustomBuild Include="D:\zhr_files\Multitarget-tracker-master\src\Detector\darknet\src\im2col_kernels.cu">
      <Filter>Source Files</Filter>
    </CustomBuild>
    <CustomBuild Include="D:\zhr_files\Multitarget-tracker-master\src\Detector\darknet\src\maxpool_layer_kernels.cu">
      <Filter>Source Files</Filter>
    </CustomBuild>
    <CustomBuild Include="D:\zhr_files\Multitarget-tracker-master\src\Detector\darknet\src\network_kernels.cu">
      <Filter>Source Files</Filter>
    </CustomBuild>
    <CustomBuild Include="D:\zhr_files\Multitarget-tracker-master\CMakeFiles\59a3f3c82641d341dcbe28aceb617cf9\yolo_lib_intermediate_link.obj.rule">
      <Filter>CMake Rules</Filter>
    </CustomBuild>
    <CustomBuild Include="D:\zhr_files\Multitarget-tracker-master\src\Detector\darknet\CMakeLists.txt" />
  </ItemGroup>
  <ItemGroup>
    <Object Include="D:\zhr_files\Multitarget-tracker-master\src\Detector\darknet\CMakeFiles\yolo_lib.dir\src\$(Configuration)\yolo_lib_generated_activation_kernels.cu.obj">
      <Filter>Object Files</Filter>
    </Object>
    <Object Include="D:\zhr_files\Multitarget-tracker-master\src\Detector\darknet\CMakeFiles\yolo_lib.dir\src\$(Configuration)\yolo_lib_generated_avgpool_layer_kernels.cu.obj">
      <Filter>Object Files</Filter>
    </Object>
    <Object Include="D:\zhr_files\Multitarget-tracker-master\src\Detector\darknet\CMakeFiles\yolo_lib.dir\src\$(Configuration)\yolo_lib_generated_blas_kernels.cu.obj">
      <Filter>Object Files</Filter>
    </Object>
    <Object Include="D:\zhr_files\Multitarget-tracker-master\src\Detector\darknet\CMakeFiles\yolo_lib.dir\src\$(Configuration)\yolo_lib_generated_col2im_kernels.cu.obj">
      <Filter>Object Files</Filter>
    </Object>
    <Object Include="D:\zhr_files\Multitarget-tracker-master\src\Detector\darknet\CMakeFiles\yolo_lib.dir\src\$(Configuration)\yolo_lib_generated_convolutional_kernels.cu.obj">
      <Filter>Object Files</Filter>
    </Object>
    <Object Include="D:\zhr_files\Multitarget-tracker-master\src\Detector\darknet\CMakeFiles\yolo_lib.dir\src\$(Configuration)\yolo_lib_generated_crop_layer_kernels.cu.obj">
      <Filter>Object Files</Filter>
    </Object>
    <Object Include="D:\zhr_files\Multitarget-tracker-master\src\Detector\darknet\CMakeFiles\yolo_lib.dir\src\$(Configuration)\yolo_lib_generated_deconvolutional_kernels.cu.obj">
      <Filter>Object Files</Filter>
    </Object>
    <Object Include="D:\zhr_files\Multitarget-tracker-master\src\Detector\darknet\CMakeFiles\yolo_lib.dir\src\$(Configuration)\yolo_lib_generated_dropout_layer_kernels.cu.obj">
      <Filter>Object Files</Filter>
    </Object>
    <Object Include="D:\zhr_files\Multitarget-tracker-master\src\Detector\darknet\CMakeFiles\yolo_lib.dir\src\$(Configuration)\yolo_lib_generated_im2col_kernels.cu.obj">
      <Filter>Object Files</Filter>
    </Object>
    <Object Include="D:\zhr_files\Multitarget-tracker-master\src\Detector\darknet\CMakeFiles\yolo_lib.dir\src\$(Configuration)\yolo_lib_generated_maxpool_layer_kernels.cu.obj">
      <Filter>Object Files</Filter>
    </Object>
    <Object Include="D:\zhr_files\Multitarget-tracker-master\src\Detector\darknet\CMakeFiles\yolo_lib.dir\src\$(Configuration)\yolo_lib_generated_network_kernels.cu.obj">
      <Filter>Object Files</Filter>
    </Object>
    <Object Include="D:\zhr_files\Multitarget-tracker-master\src\Detector\darknet\CMakeFiles\yolo_lib.dir\$(Configuration)\yolo_lib_intermediate_link.obj">
      <Filter>Object Files</Filter>
    </Object>
  </ItemGroup>
  <ItemGroup>
    <Filter Include="CMake Rules">
      <UniqueIdentifier>{3C6ACE5A-86C1-39DF-93A2-ADC8EFD5ACC0}</UniqueIdentifier>
    </Filter>
    <Filter Include="Header Files">
      <UniqueIdentifier>{F7413933-B048-384B-A8A5-F7CC0F7EA9DD}</UniqueIdentifier>
    </Filter>
    <Filter Include="Object Files">
      <UniqueIdentifier>{592E2302-4890-3929-90D8-28A5B4393B7E}</UniqueIdentifier>
    </Filter>
    <Filter Include="Source Files">
      <UniqueIdentifier>{140C6547-431E-3D20-AFFB-3D055CB24D2B}</UniqueIdentifier>
    </Filter>
  </ItemGroup>
</Project>
