<?xml version="1.0" encoding="utf-8"?>
<Project ToolsVersion="16.0" xmlns="http://schemas.microsoft.com/developer/msbuild/2003">
  <ItemGroup>
    <ClCompile Include="D:\zhr_files\Multitarget-tracker-master\example\main.cpp">
      <Filter>Source Files</Filter>
    </ClCompile>
    <ClCompile Include="D:\zhr_files\Multitarget-tracker-master\example\VideoExample.cpp">
      <Filter>Source Files</Filter>
    </ClCompile>
    <ClCompile Include="D:\zhr_files\Multitarget-tracker-master\example\CarsCounting.cpp">
      <Filter>Source Files</Filter>
    </ClCompile>
  </ItemGroup>
  <ItemGroup>
    <ClInclude Include="D:\zhr_files\Multitarget-tracker-master\example\MouseExample.h">
      <Filter>Header Files</Filter>
    </ClInclude>
    <ClInclude Include="D:\zhr_files\Multitarget-tracker-master\example\VideoExample.h">
      <Filter>Header Files</Filter>
    </ClInclude>
    <ClInclude Include="D:\zhr_files\Multitarget-tracker-master\example\examples.h">
      <Filter>Header Files</Filter>
    </ClInclude>
    <ClInclude Include="D:\zhr_files\Multitarget-tracker-master\example\FileLogger.h">
      <Filter>Header Files</Filter>
    </ClInclude>
    <ClInclude Include="D:\zhr_files\Multitarget-tracker-master\example\CarsCounting.h">
      <Filter>Header Files</Filter>
    </ClInclude>
  </ItemGroup>
  <ItemGroup>
    <CustomBuild Include="D:\zhr_files\Multitarget-tracker-master\example\CMakeLists.txt" />
  </ItemGroup>
  <ItemGroup>
    <Filter Include="Header Files">
      <UniqueIdentifier>{F7413933-B048-384B-A8A5-F7CC0F7EA9DD}</UniqueIdentifier>
    </Filter>
    <Filter Include="Source Files">
      <UniqueIdentifier>{140C6547-431E-3D20-AFFB-3D055CB24D2B}</UniqueIdentifier>
    </Filter>
  </ItemGroup>
</Project>
