<?xml version="1.0" encoding="utf-8"?>
<Project ToolsVersion="16.0" xmlns="http://schemas.microsoft.com/developer/msbuild/2003">
  <ItemGroup>
    <ClCompile Include="D:\zhr_files\Multitarget-tracker-master\src\Detector\BaseDetector.cpp">
      <Filter>Detector</Filter>
    </ClCompile>
    <ClCompile Include="D:\zhr_files\Multitarget-tracker-master\src\Detector\MotionDetector.cpp">
      <Filter>Detector</Filter>
    </ClCompile>
    <ClCompile Include="D:\zhr_files\Multitarget-tracker-master\src\Detector\BackgroundSubtract.cpp">
      <Filter>Detector</Filter>
    </ClCompile>
    <ClCompile Include="D:\zhr_files\Multitarget-tracker-master\src\Detector\vibe_src\vibe.cpp">
      <Filter>Detector</Filter>
    </ClCompile>
    <ClCompile Include="D:\zhr_files\Multitarget-tracker-master\src\Detector\Subsense\BackgroundSubtractorLBSP.cpp">
      <Filter>Detector</Filter>
    </ClCompile>
    <ClCompile Include="D:\zhr_files\Multitarget-tracker-master\src\Detector\Subsense\BackgroundSubtractorLOBSTER.cpp">
      <Filter>Detector</Filter>
    </ClCompile>
    <ClCompile Include="D:\zhr_files\Multitarget-tracker-master\src\Detector\Subsense\BackgroundSubtractorSuBSENSE.cpp">
      <Filter>Detector</Filter>
    </ClCompile>
    <ClCompile Include="D:\zhr_files\Multitarget-tracker-master\src\Detector\Subsense\LBSP.cpp">
      <Filter>Detector</Filter>
    </ClCompile>
    <ClCompile Include="D:\zhr_files\Multitarget-tracker-master\src\Detector\FaceDetector.cpp">
      <Filter>Detector</Filter>
    </ClCompile>
    <ClCompile Include="D:\zhr_files\Multitarget-tracker-master\src\Detector\PedestrianDetector.cpp">
      <Filter>Detector</Filter>
    </ClCompile>
    <ClCompile Include="D:\zhr_files\Multitarget-tracker-master\src\Detector\pedestrians\c4-pedestrian-detector.cpp">
      <Filter>Detector</Filter>
    </ClCompile>
    <ClCompile Include="D:\zhr_files\Multitarget-tracker-master\src\Detector\YoloDarknetDetector.cpp">
      <Filter>Detector</Filter>
    </ClCompile>
    <ClCompile Include="D:\zhr_files\Multitarget-tracker-master\src\Detector\OCVDNNDetector.cpp">
      <Filter>Detector</Filter>
    </ClCompile>
  </ItemGroup>
  <ItemGroup>
    <CustomBuild Include="D:\zhr_files\Multitarget-tracker-master\src\Detector\CMakeLists.txt" />
  </ItemGroup>
  <ItemGroup>
    <Filter Include="Detector">
      <UniqueIdentifier>{6E42A25D-24F0-307F-AA86-492894A789B8}</UniqueIdentifier>
    </Filter>
  </ItemGroup>
</Project>
