<?xml version="1.0" encoding="utf-8"?>
<Project ToolsVersion="16.0" xmlns="http://schemas.microsoft.com/developer/msbuild/2003">
  <ItemGroup>
    <CustomBuild Include="D:\zhr_files\Multitarget-tracker-master\CMakeFiles\2d6a7c164276c44f376437d283d88a0f\INSTALL_force.rule">
      <Filter>CMake Rules</Filter>
    </CustomBuild>
  </ItemGroup>
  <ItemGroup>
    <Filter Include="CMake Rules">
      <UniqueIdentifier>{3C6ACE5A-86C1-39DF-93A2-ADC8EFD5ACC0}</UniqueIdentifier>
    </Filter>
  </ItemGroup>
</Project>
