<?xml version="1.0" encoding="utf-8"?>
<Project ToolsVersion="16.0" xmlns="http://schemas.microsoft.com/developer/msbuild/2003">
  <ItemGroup>
    <ClCompile Include="D:\zhr_files\Multitarget-tracker-master\src\common\object_types.cpp">
      <Filter>Src</Filter>
    </ClCompile>
    <ClCompile Include="D:\zhr_files\Multitarget-tracker-master\src\Tracker\Ctracker.cpp">
      <Filter>Tracker</Filter>
    </ClCompile>
    <ClCompile Include="D:\zhr_files\Multitarget-tracker-master\src\Tracker\ShortPathCalculator.cpp">
      <Filter>Tracker</Filter>
    </ClCompile>
    <ClCompile Include="D:\zhr_files\Multitarget-tracker-master\src\Tracker\track.cpp">
      <Filter>Tracker</Filter>
    </ClCompile>
    <ClCompile Include="D:\zhr_files\Multitarget-tracker-master\src\Tracker\Kalman.cpp">
      <Filter>Tracker</Filter>
    </ClCompile>
    <ClCompile Include="D:\zhr_files\Multitarget-tracker-master\src\Tracker\TrackerSettings.cpp">
      <Filter>Tracker</Filter>
    </ClCompile>
    <ClCompile Include="D:\zhr_files\Multitarget-tracker-master\src\Tracker\HungarianAlg\HungarianAlg.cpp">
      <Filter>Tracker</Filter>
    </ClCompile>
    <ClCompile Include="D:\zhr_files\Multitarget-tracker-master\src\Tracker\dat\dat_tracker.cpp">
      <Filter>Tracker</Filter>
    </ClCompile>
    <ClCompile Include="D:\zhr_files\Multitarget-tracker-master\src\Tracker\staple\fhog.cpp">
      <Filter>Tracker</Filter>
    </ClCompile>
    <ClCompile Include="D:\zhr_files\Multitarget-tracker-master\src\Tracker\staple\staple_tracker.cpp">
      <Filter>Tracker</Filter>
    </ClCompile>
    <ClCompile Include="D:\zhr_files\Multitarget-tracker-master\src\Tracker\ldes\correlation.cpp">
      <Filter>Tracker</Filter>
    </ClCompile>
    <ClCompile Include="D:\zhr_files\Multitarget-tracker-master\src\Tracker\ldes\fft_functions.cpp">
      <Filter>Tracker</Filter>
    </ClCompile>
    <ClCompile Include="D:\zhr_files\Multitarget-tracker-master\src\Tracker\ldes\fhog.cpp">
      <Filter>Tracker</Filter>
    </ClCompile>
    <ClCompile Include="D:\zhr_files\Multitarget-tracker-master\src\Tracker\ldes\hann.cpp">
      <Filter>Tracker</Filter>
    </ClCompile>
    <ClCompile Include="D:\zhr_files\Multitarget-tracker-master\src\Tracker\ldes\ldes_tracker.cpp">
      <Filter>Tracker</Filter>
    </ClCompile>
    <ClCompile Include="D:\zhr_files\Multitarget-tracker-master\src\Tracker\graph\tokenise.cpp">
      <Filter>Tracker\graph</Filter>
    </ClCompile>
    <ClCompile Include="D:\zhr_files\Multitarget-tracker-master\src\Tracker\graph\mytree.cpp">
      <Filter>Tracker\graph</Filter>
    </ClCompile>
    <ClCompile Include="D:\zhr_files\Multitarget-tracker-master\src\Tracker\graph\mygraph.cpp">
      <Filter>Tracker\graph</Filter>
    </ClCompile>
    <ClCompile Include="D:\zhr_files\Multitarget-tracker-master\src\Tracker\graph\mwbmatching.cpp">
      <Filter>Tracker\graph</Filter>
    </ClCompile>
    <ClCompile Include="D:\zhr_files\Multitarget-tracker-master\src\Tracker\graph\mincut.cpp">
      <Filter>Tracker\graph</Filter>
    </ClCompile>
    <ClCompile Include="D:\zhr_files\Multitarget-tracker-master\src\Tracker\graph\gport.cpp">
      <Filter>Tracker\graph</Filter>
    </ClCompile>
    <ClCompile Include="D:\zhr_files\Multitarget-tracker-master\src\Tracker\graph\fheap.c">
      <Filter>Tracker\graph</Filter>
    </ClCompile>
    <ClCompile Include="D:\zhr_files\Multitarget-tracker-master\src\Tracker\graph\GTL\src\bellman_ford.cpp">
      <Filter>Tracker\GTL</Filter>
    </ClCompile>
    <ClCompile Include="D:\zhr_files\Multitarget-tracker-master\src\Tracker\graph\GTL\src\bfs.cpp">
      <Filter>Tracker\GTL</Filter>
    </ClCompile>
    <ClCompile Include="D:\zhr_files\Multitarget-tracker-master\src\Tracker\graph\GTL\src\biconnectivity.cpp">
      <Filter>Tracker\GTL</Filter>
    </ClCompile>
    <ClCompile Include="D:\zhr_files\Multitarget-tracker-master\src\Tracker\graph\GTL\src\bid_dijkstra.cpp">
      <Filter>Tracker\GTL</Filter>
    </ClCompile>
    <ClCompile Include="D:\zhr_files\Multitarget-tracker-master\src\Tracker\graph\GTL\src\components.cpp">
      <Filter>Tracker\GTL</Filter>
    </ClCompile>
    <ClCompile Include="D:\zhr_files\Multitarget-tracker-master\src\Tracker\graph\GTL\src\debug.cpp">
      <Filter>Tracker\GTL</Filter>
    </ClCompile>
    <ClCompile Include="D:\zhr_files\Multitarget-tracker-master\src\Tracker\graph\GTL\src\dfs.cpp">
      <Filter>Tracker\GTL</Filter>
    </ClCompile>
    <ClCompile Include="D:\zhr_files\Multitarget-tracker-master\src\Tracker\graph\GTL\src\dijkstra.cpp">
      <Filter>Tracker\GTL</Filter>
    </ClCompile>
    <ClCompile Include="D:\zhr_files\Multitarget-tracker-master\src\Tracker\graph\GTL\src\edge.cpp">
      <Filter>Tracker\GTL</Filter>
    </ClCompile>
    <ClCompile Include="D:\zhr_files\Multitarget-tracker-master\src\Tracker\graph\GTL\src\embedding.cpp">
      <Filter>Tracker\GTL</Filter>
    </ClCompile>
    <ClCompile Include="D:\zhr_files\Multitarget-tracker-master\src\Tracker\graph\GTL\src\fm_partition.cpp">
      <Filter>Tracker\GTL</Filter>
    </ClCompile>
    <ClCompile Include="D:\zhr_files\Multitarget-tracker-master\src\Tracker\graph\GTL\src\gml_parser.cpp">
      <Filter>Tracker\GTL</Filter>
    </ClCompile>
    <ClCompile Include="D:\zhr_files\Multitarget-tracker-master\src\Tracker\graph\GTL\src\gml_scanner.cpp">
      <Filter>Tracker\GTL</Filter>
    </ClCompile>
    <ClCompile Include="D:\zhr_files\Multitarget-tracker-master\src\Tracker\graph\GTL\src\graph.cpp">
      <Filter>Tracker\GTL</Filter>
    </ClCompile>
    <ClCompile Include="D:\zhr_files\Multitarget-tracker-master\src\Tracker\graph\GTL\src\maxflow_ff.cpp">
      <Filter>Tracker\GTL</Filter>
    </ClCompile>
    <ClCompile Include="D:\zhr_files\Multitarget-tracker-master\src\Tracker\graph\GTL\src\maxflow_pp.cpp">
      <Filter>Tracker\GTL</Filter>
    </ClCompile>
    <ClCompile Include="D:\zhr_files\Multitarget-tracker-master\src\Tracker\graph\GTL\src\maxflow_sap.cpp">
      <Filter>Tracker\GTL</Filter>
    </ClCompile>
    <ClCompile Include="D:\zhr_files\Multitarget-tracker-master\src\Tracker\graph\GTL\src\min_tree.cpp">
      <Filter>Tracker\GTL</Filter>
    </ClCompile>
    <ClCompile Include="D:\zhr_files\Multitarget-tracker-master\src\Tracker\graph\GTL\src\node.cpp">
      <Filter>Tracker\GTL</Filter>
    </ClCompile>
    <ClCompile Include="D:\zhr_files\Multitarget-tracker-master\src\Tracker\graph\GTL\src\planarity.cpp">
      <Filter>Tracker\GTL</Filter>
    </ClCompile>
    <ClCompile Include="D:\zhr_files\Multitarget-tracker-master\src\Tracker\graph\GTL\src\pq_node.cpp">
      <Filter>Tracker\GTL</Filter>
    </ClCompile>
    <ClCompile Include="D:\zhr_files\Multitarget-tracker-master\src\Tracker\graph\GTL\src\pq_tree.cpp">
      <Filter>Tracker\GTL</Filter>
    </ClCompile>
    <ClCompile Include="D:\zhr_files\Multitarget-tracker-master\src\Tracker\graph\GTL\src\ratio_cut_partition.cpp">
      <Filter>Tracker\GTL</Filter>
    </ClCompile>
    <ClCompile Include="D:\zhr_files\Multitarget-tracker-master\src\Tracker\graph\GTL\src\st_number.cpp">
      <Filter>Tracker\GTL</Filter>
    </ClCompile>
    <ClCompile Include="D:\zhr_files\Multitarget-tracker-master\src\Tracker\graph\GTL\src\topsort.cpp">
      <Filter>Tracker\GTL</Filter>
    </ClCompile>
  </ItemGroup>
  <ItemGroup>
    <ClInclude Include="D:\zhr_files\Multitarget-tracker-master\src\common\nms.h">
      <Filter>Src</Filter>
    </ClInclude>
    <ClInclude Include="D:\zhr_files\Multitarget-tracker-master\src\common\defines.h">
      <Filter>Src</Filter>
    </ClInclude>
    <ClInclude Include="D:\zhr_files\Multitarget-tracker-master\src\common\object_types.h">
      <Filter>Src</Filter>
    </ClInclude>
    <ClInclude Include="D:\zhr_files\Multitarget-tracker-master\src\Tracker\VOTTracker.hpp">
      <Filter>Tracker</Filter>
    </ClInclude>
    <ClInclude Include="D:\zhr_files\Multitarget-tracker-master\src\Tracker\ldes\ldes_tracker.h">
      <Filter>Tracker</Filter>
    </ClInclude>
    <ClInclude Include="D:\zhr_files\Multitarget-tracker-master\src\Tracker\graph\tokenise.h">
      <Filter>Tracker\graph</Filter>
    </ClInclude>
    <ClInclude Include="D:\zhr_files\Multitarget-tracker-master\src\Tracker\graph\mytree.h">
      <Filter>Tracker\graph</Filter>
    </ClInclude>
    <ClInclude Include="D:\zhr_files\Multitarget-tracker-master\src\Tracker\graph\mygraph.h">
      <Filter>Tracker\graph</Filter>
    </ClInclude>
    <ClInclude Include="D:\zhr_files\Multitarget-tracker-master\src\Tracker\graph\mwbmatching.h">
      <Filter>Tracker\graph</Filter>
    </ClInclude>
    <ClInclude Include="D:\zhr_files\Multitarget-tracker-master\src\Tracker\graph\mincut.h">
      <Filter>Tracker\graph</Filter>
    </ClInclude>
    <ClInclude Include="D:\zhr_files\Multitarget-tracker-master\src\Tracker\graph\gport.h">
      <Filter>Tracker\graph</Filter>
    </ClInclude>
    <ClInclude Include="D:\zhr_files\Multitarget-tracker-master\src\Tracker\graph\gdefs.h">
      <Filter>Tracker\graph</Filter>
    </ClInclude>
    <ClInclude Include="D:\zhr_files\Multitarget-tracker-master\src\Tracker\graph\fheap.h">
      <Filter>Tracker\graph</Filter>
    </ClInclude>
    <ClInclude Include="D:\zhr_files\Multitarget-tracker-master\src\Tracker\graph\GTL\include\GTL\algorithm.h">
      <Filter>Tracker\GTL</Filter>
    </ClInclude>
    <ClInclude Include="D:\zhr_files\Multitarget-tracker-master\src\Tracker\graph\GTL\include\GTL\bellman_ford.h">
      <Filter>Tracker\GTL</Filter>
    </ClInclude>
    <ClInclude Include="D:\zhr_files\Multitarget-tracker-master\src\Tracker\graph\GTL\include\GTL\bfs.h">
      <Filter>Tracker\GTL</Filter>
    </ClInclude>
    <ClInclude Include="D:\zhr_files\Multitarget-tracker-master\src\Tracker\graph\GTL\include\GTL\biconnectivity.h">
      <Filter>Tracker\GTL</Filter>
    </ClInclude>
    <ClInclude Include="D:\zhr_files\Multitarget-tracker-master\src\Tracker\graph\GTL\include\GTL\bid_dijkstra.h">
      <Filter>Tracker\GTL</Filter>
    </ClInclude>
    <ClInclude Include="D:\zhr_files\Multitarget-tracker-master\src\Tracker\graph\GTL\include\GTL\bin_heap.h">
      <Filter>Tracker\GTL</Filter>
    </ClInclude>
    <ClInclude Include="D:\zhr_files\Multitarget-tracker-master\src\Tracker\graph\GTL\include\GTL\components.h">
      <Filter>Tracker\GTL</Filter>
    </ClInclude>
    <ClInclude Include="D:\zhr_files\Multitarget-tracker-master\src\Tracker\graph\GTL\include\GTL\debug.h">
      <Filter>Tracker\GTL</Filter>
    </ClInclude>
    <ClInclude Include="D:\zhr_files\Multitarget-tracker-master\src\Tracker\graph\GTL\include\GTL\dfs.h">
      <Filter>Tracker\GTL</Filter>
    </ClInclude>
    <ClInclude Include="D:\zhr_files\Multitarget-tracker-master\src\Tracker\graph\GTL\include\GTL\dijkstra.h">
      <Filter>Tracker\GTL</Filter>
    </ClInclude>
    <ClInclude Include="D:\zhr_files\Multitarget-tracker-master\src\Tracker\graph\GTL\include\GTL\edge.h">
      <Filter>Tracker\GTL</Filter>
    </ClInclude>
    <ClInclude Include="D:\zhr_files\Multitarget-tracker-master\src\Tracker\graph\GTL\include\GTL\edge_data.h">
      <Filter>Tracker\GTL</Filter>
    </ClInclude>
    <ClInclude Include="D:\zhr_files\Multitarget-tracker-master\src\Tracker\graph\GTL\include\GTL\edge_map.h">
      <Filter>Tracker\GTL</Filter>
    </ClInclude>
    <ClInclude Include="D:\zhr_files\Multitarget-tracker-master\src\Tracker\graph\GTL\include\GTL\embedding.h">
      <Filter>Tracker\GTL</Filter>
    </ClInclude>
    <ClInclude Include="D:\zhr_files\Multitarget-tracker-master\src\Tracker\graph\GTL\include\GTL\fm_partition.h">
      <Filter>Tracker\GTL</Filter>
    </ClInclude>
    <ClInclude Include="D:\zhr_files\Multitarget-tracker-master\src\Tracker\graph\GTL\include\GTL\gml_parser.h">
      <Filter>Tracker\GTL</Filter>
    </ClInclude>
    <ClInclude Include="D:\zhr_files\Multitarget-tracker-master\src\Tracker\graph\GTL\include\GTL\gml_scanner.h">
      <Filter>Tracker\GTL</Filter>
    </ClInclude>
    <ClInclude Include="D:\zhr_files\Multitarget-tracker-master\src\Tracker\graph\GTL\include\GTL\graph.h">
      <Filter>Tracker\GTL</Filter>
    </ClInclude>
    <ClInclude Include="D:\zhr_files\Multitarget-tracker-master\src\Tracker\graph\GTL\include\GTL\maxflow_ff.h">
      <Filter>Tracker\GTL</Filter>
    </ClInclude>
    <ClInclude Include="D:\zhr_files\Multitarget-tracker-master\src\Tracker\graph\GTL\include\GTL\maxflow_pp.h">
      <Filter>Tracker\GTL</Filter>
    </ClInclude>
    <ClInclude Include="D:\zhr_files\Multitarget-tracker-master\src\Tracker\graph\GTL\include\GTL\maxflow_sap.h">
      <Filter>Tracker\GTL</Filter>
    </ClInclude>
    <ClInclude Include="D:\zhr_files\Multitarget-tracker-master\src\Tracker\graph\GTL\include\GTL\min_tree.h">
      <Filter>Tracker\GTL</Filter>
    </ClInclude>
    <ClInclude Include="D:\zhr_files\Multitarget-tracker-master\src\Tracker\graph\GTL\include\GTL\ne_map.h">
      <Filter>Tracker\GTL</Filter>
    </ClInclude>
    <ClInclude Include="D:\zhr_files\Multitarget-tracker-master\src\Tracker\graph\GTL\include\GTL\node.h">
      <Filter>Tracker\GTL</Filter>
    </ClInclude>
    <ClInclude Include="D:\zhr_files\Multitarget-tracker-master\src\Tracker\graph\GTL\include\GTL\node_data.h">
      <Filter>Tracker\GTL</Filter>
    </ClInclude>
    <ClInclude Include="D:\zhr_files\Multitarget-tracker-master\src\Tracker\graph\GTL\include\GTL\node_map.h">
      <Filter>Tracker\GTL</Filter>
    </ClInclude>
    <ClInclude Include="D:\zhr_files\Multitarget-tracker-master\src\Tracker\graph\GTL\include\GTL\planarity.h">
      <Filter>Tracker\GTL</Filter>
    </ClInclude>
    <ClInclude Include="D:\zhr_files\Multitarget-tracker-master\src\Tracker\graph\GTL\include\GTL\pq_node.h">
      <Filter>Tracker\GTL</Filter>
    </ClInclude>
    <ClInclude Include="D:\zhr_files\Multitarget-tracker-master\src\Tracker\graph\GTL\include\GTL\pq_tree.h">
      <Filter>Tracker\GTL</Filter>
    </ClInclude>
    <ClInclude Include="D:\zhr_files\Multitarget-tracker-master\src\Tracker\graph\GTL\include\GTL\ratio_cut_partition.h">
      <Filter>Tracker\GTL</Filter>
    </ClInclude>
    <ClInclude Include="D:\zhr_files\Multitarget-tracker-master\src\Tracker\graph\GTL\include\GTL\st_number.h">
      <Filter>Tracker\GTL</Filter>
    </ClInclude>
    <ClInclude Include="D:\zhr_files\Multitarget-tracker-master\src\Tracker\graph\GTL\include\GTL\symlist.h">
      <Filter>Tracker\GTL</Filter>
    </ClInclude>
    <ClInclude Include="D:\zhr_files\Multitarget-tracker-master\src\Tracker\graph\GTL\include\GTL\topsort.h">
      <Filter>Tracker\GTL</Filter>
    </ClInclude>
    <ClInclude Include="D:\zhr_files\Multitarget-tracker-master\src\Tracker\graph\GTL\include\GTL\version.h">
      <Filter>Tracker\GTL</Filter>
    </ClInclude>
    <ClInclude Include="D:\zhr_files\Multitarget-tracker-master\src\Tracker\graph\GTL\include\GTL\GTL.h">
      <Filter>Tracker\GTL</Filter>
    </ClInclude>
  </ItemGroup>
  <ItemGroup>
    <CustomBuild Include="D:\zhr_files\Multitarget-tracker-master\src\Tracker\CMakeLists.txt" />
  </ItemGroup>
  <ItemGroup>
    <Filter Include="Src">
      <UniqueIdentifier>{73302730-619E-391E-AFF3-15D049134FFB}</UniqueIdentifier>
    </Filter>
    <Filter Include="Tracker">
      <UniqueIdentifier>{F5B228CC-8AB7-30D5-A041-4D2E6CCB0ACC}</UniqueIdentifier>
    </Filter>
    <Filter Include="Tracker\GTL">
      <UniqueIdentifier>{6B20A89F-4C8C-3DE2-AAE8-6A2D66398615}</UniqueIdentifier>
    </Filter>
    <Filter Include="Tracker\graph">
      <UniqueIdentifier>{047EE89D-03B0-37E8-A7DB-95A78257296F}</UniqueIdentifier>
    </Filter>
  </ItemGroup>
</Project>
